
Microsoft Visual Studio Solution File, Format Version 12.00
# Visual Studio 15
VisualStudioVersion = 15.0.28307.757
MinimumVisualStudioVersion = 10.0.40219.1
Project("{FAE04EC0-301F-11D3-BF4B-00C04F79EFBC}") = "intro1", "intro1\intro1.csproj", "{AAD943A1-0021-45FA-97F2-D68E17048AD1}"
EndProject
Global
	GlobalSection(SolutionConfigurationPlatforms) = preSolution
		Debug|Any CPU = Debug|Any CPU
		Release|Any CPU = Release|Any CPU
	EndGlobalSection
	GlobalSection(ProjectConfigurationPlatforms) = postSolution
		{AAD943A1-0021-45FA-97F2-D68E17048AD1}.Debug|Any CPU.ActiveCfg = Debug|Any CPU
		{AAD943A1-0021-45FA-97F2-D68E17048AD1}.Debug|Any CPU.Build.0 = Debug|Any CPU
		{AAD943A1-0021-45FA-97F2-D68E17048AD1}.Release|Any CPU.ActiveCfg = Release|Any CPU
		{AAD943A1-0021-45FA-97F2-D68E17048AD1}.Release|Any CPU.Build.0 = Release|Any CPU
	EndGlobalSection
	GlobalSection(SolutionProperties) = preSolution
		HideSolutionNode = FALSE
	EndGlobalSection
	GlobalSection(ExtensibilityGlobals) = postSolution
		SolutionGuid = {C3F33733-73EB-4313-9FF7-7EA85607DFAA}
	EndGlobalSection
EndGlobal
